
Microsoft Visual Studio Solution File, Format Version 12.00
# Visual Studio Version 16
VisualStudioVersion = 16.0.32602.291
MinimumVisualStudioVersion = 10.0.40219.1
Project("{FAE04EC0-301F-11D3-BF4B-00C04F79EFBC}") = "LicenseBySKGL", "LicenseBySKGL\LicenseBySKGL.csproj", "{B880FF98-06FA-41E7-87BA-6339BC6696E5}"
EndProject
Global
	GlobalSection(SolutionConfigurationPlatforms) = preSolution
		Debug|Any CPU = Debug|Any CPU
		Release|Any CPU = Release|Any CPU
	EndGlobalSection
	GlobalSection(ProjectConfigurationPlatforms) = postSolution
		{B880FF98-06FA-41E7-87BA-6339BC6696E5}.Debug|Any CPU.ActiveCfg = Debug|Any CPU
		{B880FF98-06FA-41E7-87BA-6339BC6696E5}.Debug|Any CPU.Build.0 = Debug|Any CPU
		{B880FF98-06FA-41E7-87BA-6339BC6696E5}.Release|Any CPU.ActiveCfg = Release|Any CPU
		{B880FF98-06FA-41E7-87BA-6339BC6696E5}.Release|Any CPU.Build.0 = Release|Any CPU
	EndGlobalSection
	GlobalSection(SolutionProperties) = preSolution
		HideSolutionNode = FALSE
	EndGlobalSection
	GlobalSection(ExtensibilityGlobals) = postSolution
		SolutionGuid = {E62D2906-5BA2-4C85-A472-619327A74352}
	EndGlobalSection
EndGlobal
